// !$*UTF8*$!
{
	archiveVersion = 1;
	classes = {
	};
	objectVersion = 56;
	objects = {

/* Begin PBXBuildFile section */
		FD018ABF2CA8AB240018177C /* RoundedView.swift in Sources */ = {isa = PBXBuildFile; fileRef = FD018ABE2CA8AB240018177C /* RoundedView.swift */; };
		FD018AC12CA8AB630018177C /* Label.swift in Sources */ = {isa = PBXBuildFile; fileRef = FD018AC02CA8AB630018177C /* Label.swift */; };
		FD018AC32CA8AC600018177C /* RoundButton.swift in Sources */ = {isa = PBXBuildFile; fileRef = FD018AC22CA8AC600018177C /* RoundButton.swift */; };
		FD33AFAF2C975EF40057CF4E /* AppDelegate.swift in Sources */ = {isa = PBXBuildFile; fileRef = FD33AFAE2C975EF40057CF4E /* AppDelegate.swift */; };
		FD33AFB12C975EF40057CF4E /* SceneDelegate.swift in Sources */ = {isa = PBXBuildFile; fileRef = FD33AFB02C975EF40057CF4E /* SceneDelegate.swift */; };
		FD33AFB82C975EF50057CF4E /* Assets.xcassets in Resources */ = {isa = PBXBuildFile; fileRef = FD33AFB72C975EF50057CF4E /* Assets.xcassets */; };
		FD33AFC62C975EF50057CF4E /* SimpleDictionaryTests.swift in Sources */ = {isa = PBXBuildFile; fileRef = FD33AFC52C975EF50057CF4E /* SimpleDictionaryTests.swift */; };
		FD33AFD02C975EF50057CF4E /* SimpleDictionaryUITests.swift in Sources */ = {isa = PBXBuildFile; fileRef = FD33AFCF2C975EF50057CF4E /* SimpleDictionaryUITests.swift */; };
		FD33AFD22C975EF50057CF4E /* SimpleDictionaryUITestsLaunchTests.swift in Sources */ = {isa = PBXBuildFile; fileRef = FD33AFD12C975EF50057CF4E /* SimpleDictionaryUITestsLaunchTests.swift */; };
		FD33AFDF2C9763840057CF4E /* WordListViewController.swift in Sources */ = {isa = PBXBuildFile; fileRef = FD33AFDE2C9763840057CF4E /* WordListViewController.swift */; };
		FD33AFE12C9783AF0057CF4E /* TestsViewController.swift in Sources */ = {isa = PBXBuildFile; fileRef = FD33AFE02C9783AF0057CF4E /* TestsViewController.swift */; };
		FD33AFE32C9783D60057CF4E /* ProfileViewController.swift in Sources */ = {isa = PBXBuildFile; fileRef = FD33AFE22C9783D60057CF4E /* ProfileViewController.swift */; };
		FD33AFE52C97859B0057CF4E /* ViewController.swift in Sources */ = {isa = PBXBuildFile; fileRef = FD33AFE42C97859B0057CF4E /* ViewController.swift */; };
		FD33AFE72C97868F0057CF4E /* TabBarController.swift in Sources */ = {isa = PBXBuildFile; fileRef = FD33AFE62C97868F0057CF4E /* TabBarController.swift */; };
		FD4018F62CA892FE0078509A /* Images.swift in Sources */ = {isa = PBXBuildFile; fileRef = FD4018F52CA892FE0078509A /* Images.swift */; };
		FD94CA652CA4B3B800822925 /* Fonts.swift in Sources */ = {isa = PBXBuildFile; fileRef = FD94CA642CA4B3B800822925 /* Fonts.swift */; };
		FD94CA692CA575E900822925 /* UIView+.swift in Sources */ = {isa = PBXBuildFile; fileRef = FD94CA682CA575E900822925 /* UIView+.swift */; };
		FD94CA702CA581F900822925 /* WordListTableViewCell.swift in Sources */ = {isa = PBXBuildFile; fileRef = FD94CA6F2CA581F900822925 /* WordListTableViewCell.swift */; };
		FD94CA732CA59FBC00822925 /* Colors.swift in Sources */ = {isa = PBXBuildFile; fileRef = FD94CA722CA59FBC00822925 /* Colors.swift */; };
		FDE76CAB2C98D6660031047F /* Localizable.xcstrings in Resources */ = {isa = PBXBuildFile; fileRef = FDE76CAA2C98D6660031047F /* Localizable.xcstrings */; };
		FDE76CAD2C99CDAE0031047F /* LocalizedString.swift in Sources */ = {isa = PBXBuildFile; fileRef = FDE76CAC2C99CDAE0031047F /* LocalizedString.swift */; };
/* End PBXBuildFile section */

/* Begin PBXContainerItemProxy section */
		FD33AFC22C975EF50057CF4E /* PBXContainerItemProxy */ = {
			isa = PBXContainerItemProxy;
			containerPortal = FD33AFA32C975EF40057CF4E /* Project object */;
			proxyType = 1;
			remoteGlobalIDString = FD33AFAA2C975EF40057CF4E;
			remoteInfo = SimpleDictionary;
		};
		FD33AFCC2C975EF50057CF4E /* PBXContainerItemProxy */ = {
			isa = PBXContainerItemProxy;
			containerPortal = FD33AFA32C975EF40057CF4E /* Project object */;
			proxyType = 1;
			remoteGlobalIDString = FD33AFAA2C975EF40057CF4E;
			remoteInfo = SimpleDictionary;
		};
/* End PBXContainerItemProxy section */

/* Begin PBXFileReference section */
		FD018ABE2CA8AB240018177C /* RoundedView.swift */ = {isa = PBXFileReference; lastKnownFileType = sourcecode.swift; path = RoundedView.swift; sourceTree = "<group>"; };
		FD018AC02CA8AB630018177C /* Label.swift */ = {isa = PBXFileReference; lastKnownFileType = sourcecode.swift; path = Label.swift; sourceTree = "<group>"; };
		FD018AC22CA8AC600018177C /* RoundButton.swift */ = {isa = PBXFileReference; lastKnownFileType = sourcecode.swift; path = RoundButton.swift; sourceTree = "<group>"; };
		FD33AFAB2C975EF40057CF4E /* SimpleDictionary.app */ = {isa = PBXFileReference; explicitFileType = wrapper.application; includeInIndex = 0; path = SimpleDictionary.app; sourceTree = BUILT_PRODUCTS_DIR; };
		FD33AFAE2C975EF40057CF4E /* AppDelegate.swift */ = {isa = PBXFileReference; lastKnownFileType = sourcecode.swift; path = AppDelegate.swift; sourceTree = "<group>"; };
		FD33AFB02C975EF40057CF4E /* SceneDelegate.swift */ = {isa = PBXFileReference; lastKnownFileType = sourcecode.swift; path = SceneDelegate.swift; sourceTree = "<group>"; };
		FD33AFB72C975EF50057CF4E /* Assets.xcassets */ = {isa = PBXFileReference; lastKnownFileType = folder.assetcatalog; path = Assets.xcassets; sourceTree = "<group>"; };
		FD33AFBC2C975EF50057CF4E /* Info.plist */ = {isa = PBXFileReference; lastKnownFileType = text.plist.xml; path = Info.plist; sourceTree = "<group>"; };
		FD33AFC12C975EF50057CF4E /* SimpleDictionaryTests.xctest */ = {isa = PBXFileReference; explicitFileType = wrapper.cfbundle; includeInIndex = 0; path = SimpleDictionaryTests.xctest; sourceTree = BUILT_PRODUCTS_DIR; };
		FD33AFC52C975EF50057CF4E /* SimpleDictionaryTests.swift */ = {isa = PBXFileReference; lastKnownFileType = sourcecode.swift; path = SimpleDictionaryTests.swift; sourceTree = "<group>"; };
		FD33AFCB2C975EF50057CF4E /* SimpleDictionaryUITests.xctest */ = {isa = PBXFileReference; explicitFileType = wrapper.cfbundle; includeInIndex = 0; path = SimpleDictionaryUITests.xctest; sourceTree = BUILT_PRODUCTS_DIR; };
		FD33AFCF2C975EF50057CF4E /* SimpleDictionaryUITests.swift */ = {isa = PBXFileReference; lastKnownFileType = sourcecode.swift; path = SimpleDictionaryUITests.swift; sourceTree = "<group>"; };
		FD33AFD12C975EF50057CF4E /* SimpleDictionaryUITestsLaunchTests.swift */ = {isa = PBXFileReference; lastKnownFileType = sourcecode.swift; path = SimpleDictionaryUITestsLaunchTests.swift; sourceTree = "<group>"; };
		FD33AFDE2C9763840057CF4E /* WordListViewController.swift */ = {isa = PBXFileReference; lastKnownFileType = sourcecode.swift; path = WordListViewController.swift; sourceTree = "<group>"; };
		FD33AFE02C9783AF0057CF4E /* TestsViewController.swift */ = {isa = PBXFileReference; lastKnownFileType = sourcecode.swift; path = TestsViewController.swift; sourceTree = "<group>"; };
		FD33AFE22C9783D60057CF4E /* ProfileViewController.swift */ = {isa = PBXFileReference; lastKnownFileType = sourcecode.swift; path = ProfileViewController.swift; sourceTree = "<group>"; };
		FD33AFE42C97859B0057CF4E /* ViewController.swift */ = {isa = PBXFileReference; lastKnownFileType = sourcecode.swift; path = ViewController.swift; sourceTree = "<group>"; };
		FD33AFE62C97868F0057CF4E /* TabBarController.swift */ = {isa = PBXFileReference; lastKnownFileType = sourcecode.swift; path = TabBarController.swift; sourceTree = "<group>"; };
		FD4018F52CA892FE0078509A /* Images.swift */ = {isa = PBXFileReference; lastKnownFileType = sourcecode.swift; path = Images.swift; sourceTree = "<group>"; };
		FD94CA642CA4B3B800822925 /* Fonts.swift */ = {isa = PBXFileReference; lastKnownFileType = sourcecode.swift; path = Fonts.swift; sourceTree = "<group>"; };
		FD94CA682CA575E900822925 /* UIView+.swift */ = {isa = PBXFileReference; lastKnownFileType = sourcecode.swift; path = "UIView+.swift"; sourceTree = "<group>"; };
		FD94CA6F2CA581F900822925 /* WordListTableViewCell.swift */ = {isa = PBXFileReference; lastKnownFileType = sourcecode.swift; path = WordListTableViewCell.swift; sourceTree = "<group>"; };
		FD94CA722CA59FBC00822925 /* Colors.swift */ = {isa = PBXFileReference; lastKnownFileType = sourcecode.swift; path = Colors.swift; sourceTree = "<group>"; };
		FDE76CAA2C98D6660031047F /* Localizable.xcstrings */ = {isa = PBXFileReference; lastKnownFileType = text.json.xcstrings; path = Localizable.xcstrings; sourceTree = "<group>"; };
		FDE76CAC2C99CDAE0031047F /* LocalizedString.swift */ = {isa = PBXFileReference; lastKnownFileType = sourcecode.swift; path = LocalizedString.swift; sourceTree = "<group>"; };
/* End PBXFileReference section */

/* Begin PBXFrameworksBuildPhase section */
		FD33AFA82C975EF40057CF4E /* Frameworks */ = {
			isa = PBXFrameworksBuildPhase;
			buildActionMask = 2147483647;
			files = (
			);
			runOnlyForDeploymentPostprocessing = 0;
		};
		FD33AFBE2C975EF50057CF4E /* Frameworks */ = {
			isa = PBXFrameworksBuildPhase;
			buildActionMask = 2147483647;
			files = (
			);
			runOnlyForDeploymentPostprocessing = 0;
		};
		FD33AFC82C975EF50057CF4E /* Frameworks */ = {
			isa = PBXFrameworksBuildPhase;
			buildActionMask = 2147483647;
			files = (
			);
			runOnlyForDeploymentPostprocessing = 0;
		};
/* End PBXFrameworksBuildPhase section */

/* Begin PBXGroup section */
		FD33AFA22C975EF40057CF4E = {
			isa = PBXGroup;
			children = (
				FD33AFAD2C975EF40057CF4E /* SimpleDictionary */,
				FD33AFC42C975EF50057CF4E /* SimpleDictionaryTests */,
				FD33AFCE2C975EF50057CF4E /* SimpleDictionaryUITests */,
				FD33AFAC2C975EF40057CF4E /* Products */,
			);
			sourceTree = "<group>";
		};
		FD33AFAC2C975EF40057CF4E /* Products */ = {
			isa = PBXGroup;
			children = (
				FD33AFAB2C975EF40057CF4E /* SimpleDictionary.app */,
				FD33AFC12C975EF50057CF4E /* SimpleDictionaryTests.xctest */,
				FD33AFCB2C975EF50057CF4E /* SimpleDictionaryUITests.xctest */,
			);
			name = Products;
			sourceTree = "<group>";
		};
		FD33AFAD2C975EF40057CF4E /* SimpleDictionary */ = {
			isa = PBXGroup;
			children = (
				FD94CA672CA4B66900822925 /* BaseComponents */,
				FD94CA6A2CA575F000822925 /* Extensions */,
				FDE76CAE2C99CFA90031047F /* Localization */,
				FD94CA6B2CA5767000822925 /* Screens */,
				FD94CA6E2CA577C600822925 /* Sources */,
			);
			path = SimpleDictionary;
			sourceTree = "<group>";
		};
		FD33AFC42C975EF50057CF4E /* SimpleDictionaryTests */ = {
			isa = PBXGroup;
			children = (
				FD33AFC52C975EF50057CF4E /* SimpleDictionaryTests.swift */,
			);
			path = SimpleDictionaryTests;
			sourceTree = "<group>";
		};
		FD33AFCE2C975EF50057CF4E /* SimpleDictionaryUITests */ = {
			isa = PBXGroup;
			children = (
				FD33AFCF2C975EF50057CF4E /* SimpleDictionaryUITests.swift */,
				FD33AFD12C975EF50057CF4E /* SimpleDictionaryUITestsLaunchTests.swift */,
			);
			path = SimpleDictionaryUITests;
			sourceTree = "<group>";
		};
		FD94CA662CA4B66200822925 /* UI */ = {
			isa = PBXGroup;
			children = (
				FD94CA722CA59FBC00822925 /* Colors.swift */,
				FD94CA642CA4B3B800822925 /* Fonts.swift */,
				FD4018F52CA892FE0078509A /* Images.swift */,
				FD018ABE2CA8AB240018177C /* RoundedView.swift */,
				FD018AC02CA8AB630018177C /* Label.swift */,
				FD018AC22CA8AC600018177C /* RoundButton.swift */,
			);
			path = UI;
			sourceTree = "<group>";
		};
		FD94CA672CA4B66900822925 /* BaseComponents */ = {
			isa = PBXGroup;
			children = (
				FD94CA6C2CA5774500822925 /* Controllers */,
				FD94CA6D2CA5778700822925 /* Delegates */,
				FD94CA662CA4B66200822925 /* UI */,
			);
			path = BaseComponents;
			sourceTree = "<group>";
		};
		FD94CA6A2CA575F000822925 /* Extensions */ = {
			isa = PBXGroup;
			children = (
				FD94CA682CA575E900822925 /* UIView+.swift */,
			);
			path = Extensions;
			sourceTree = "<group>";
		};
		FD94CA6B2CA5767000822925 /* Screens */ = {
			isa = PBXGroup;
			children = (
				FD94CA712CA5820D00822925 /* WordListScreen */,
				FD33AFE02C9783AF0057CF4E /* TestsViewController.swift */,
				FD33AFE22C9783D60057CF4E /* ProfileViewController.swift */,
			);
			path = Screens;
			sourceTree = "<group>";
		};
		FD94CA6C2CA5774500822925 /* Controllers */ = {
			isa = PBXGroup;
			children = (
				FD33AFE62C97868F0057CF4E /* TabBarController.swift */,
				FD33AFE42C97859B0057CF4E /* ViewController.swift */,
			);
			path = Controllers;
			sourceTree = "<group>";
		};
		FD94CA6D2CA5778700822925 /* Delegates */ = {
			isa = PBXGroup;
			children = (
				FD33AFAE2C975EF40057CF4E /* AppDelegate.swift */,
				FD33AFB02C975EF40057CF4E /* SceneDelegate.swift */,
			);
			path = Delegates;
			sourceTree = "<group>";
		};
		FD94CA6E2CA577C600822925 /* Sources */ = {
			isa = PBXGroup;
			children = (
				FD33AFB72C975EF50057CF4E /* Assets.xcassets */,
				FD33AFBC2C975EF50057CF4E /* Info.plist */,
			);
			path = Sources;
			sourceTree = "<group>";
		};
		FD94CA712CA5820D00822925 /* WordListScreen */ = {
			isa = PBXGroup;
			children = (
				FD33AFDE2C9763840057CF4E /* WordListViewController.swift */,
				FD94CA6F2CA581F900822925 /* WordListTableViewCell.swift */,
			);
			path = WordListScreen;
			sourceTree = "<group>";
		};
		FDE76CAE2C99CFA90031047F /* Localization */ = {
			isa = PBXGroup;
			children = (
				FDE76CAA2C98D6660031047F /* Localizable.xcstrings */,
				FDE76CAC2C99CDAE0031047F /* LocalizedString.swift */,
			);
			path = Localization;
			sourceTree = "<group>";
		};
/* End PBXGroup section */

/* Begin PBXNativeTarget section */
		FD33AFAA2C975EF40057CF4E /* SimpleDictionary */ = {
			isa = PBXNativeTarget;
			buildConfigurationList = FD33AFD52C975EF50057CF4E /* Build configuration list for PBXNativeTarget "SimpleDictionary" */;
			buildPhases = (
				FD94CA632CA4A97A00822925 /* ShellScript */,
				FD33AFA72C975EF40057CF4E /* Sources */,
				FD33AFA82C975EF40057CF4E /* Frameworks */,
				FD33AFA92C975EF40057CF4E /* Resources */,
			);
			buildRules = (
			);
			dependencies = (
			);
			name = SimpleDictionary;
			productName = SimpleDictionary;
			productReference = FD33AFAB2C975EF40057CF4E /* SimpleDictionary.app */;
			productType = "com.apple.product-type.application";
		};
		FD33AFC02C975EF50057CF4E /* SimpleDictionaryTests */ = {
			isa = PBXNativeTarget;
			buildConfigurationList = FD33AFD82C975EF50057CF4E /* Build configuration list for PBXNativeTarget "SimpleDictionaryTests" */;
			buildPhases = (
				FD33AFBD2C975EF50057CF4E /* Sources */,
				FD33AFBE2C975EF50057CF4E /* Frameworks */,
				FD33AFBF2C975EF50057CF4E /* Resources */,
			);
			buildRules = (
			);
			dependencies = (
				FD33AFC32C975EF50057CF4E /* PBXTargetDependency */,
			);
			name = SimpleDictionaryTests;
			productName = SimpleDictionaryTests;
			productReference = FD33AFC12C975EF50057CF4E /* SimpleDictionaryTests.xctest */;
			productType = "com.apple.product-type.bundle.unit-test";
		};
		FD33AFCA2C975EF50057CF4E /* SimpleDictionaryUITests */ = {
			isa = PBXNativeTarget;
			buildConfigurationList = FD33AFDB2C975EF50057CF4E /* Build configuration list for PBXNativeTarget "SimpleDictionaryUITests" */;
			buildPhases = (
				FD33AFC72C975EF50057CF4E /* Sources */,
				FD33AFC82C975EF50057CF4E /* Frameworks */,
				FD33AFC92C975EF50057CF4E /* Resources */,
			);
			buildRules = (
			);
			dependencies = (
				FD33AFCD2C975EF50057CF4E /* PBXTargetDependency */,
			);
			name = SimpleDictionaryUITests;
			productName = SimpleDictionaryUITests;
			productReference = FD33AFCB2C975EF50057CF4E /* SimpleDictionaryUITests.xctest */;
			productType = "com.apple.product-type.bundle.ui-testing";
		};
/* End PBXNativeTarget section */

/* Begin PBXProject section */
		FD33AFA32C975EF40057CF4E /* Project object */ = {
			isa = PBXProject;
			attributes = {
				BuildIndependentTargetsInParallel = 1;
				LastSwiftUpdateCheck = 1520;
				LastUpgradeCheck = 1520;
				TargetAttributes = {
					FD33AFAA2C975EF40057CF4E = {
						CreatedOnToolsVersion = 15.2;
					};
					FD33AFC02C975EF50057CF4E = {
						CreatedOnToolsVersion = 15.2;
						TestTargetID = FD33AFAA2C975EF40057CF4E;
					};
					FD33AFCA2C975EF50057CF4E = {
						CreatedOnToolsVersion = 15.2;
						TestTargetID = FD33AFAA2C975EF40057CF4E;
					};
				};
			};
			buildConfigurationList = FD33AFA62C975EF40057CF4E /* Build configuration list for PBXProject "SimpleDictionary" */;
			compatibilityVersion = "Xcode 14.0";
			developmentRegion = en;
			hasScannedForEncodings = 0;
			knownRegions = (
				en,
				Base,
				ru,
			);
			mainGroup = FD33AFA22C975EF40057CF4E;
			productRefGroup = FD33AFAC2C975EF40057CF4E /* Products */;
			projectDirPath = "";
			projectRoot = "";
			targets = (
				FD33AFAA2C975EF40057CF4E /* SimpleDictionary */,
				FD33AFC02C975EF50057CF4E /* SimpleDictionaryTests */,
				FD33AFCA2C975EF50057CF4E /* SimpleDictionaryUITests */,
			);
		};
/* End PBXProject section */

/* Begin PBXResourcesBuildPhase section */
		FD33AFA92C975EF40057CF4E /* Resources */ = {
			isa = PBXResourcesBuildPhase;
			buildActionMask = 2147483647;
			files = (
				FDE76CAB2C98D6660031047F /* Localizable.xcstrings in Resources */,
				FD33AFB82C975EF50057CF4E /* Assets.xcassets in Resources */,
			);
			runOnlyForDeploymentPostprocessing = 0;
		};
		FD33AFBF2C975EF50057CF4E /* Resources */ = {
			isa = PBXResourcesBuildPhase;
			buildActionMask = 2147483647;
			files = (
			);
			runOnlyForDeploymentPostprocessing = 0;
		};
		FD33AFC92C975EF50057CF4E /* Resources */ = {
			isa = PBXResourcesBuildPhase;
			buildActionMask = 2147483647;
			files = (
			);
			runOnlyForDeploymentPostprocessing = 0;
		};
/* End PBXResourcesBuildPhase section */

/* Begin PBXShellScriptBuildPhase section */
		FD94CA632CA4A97A00822925 /* ShellScript */ = {
			isa = PBXShellScriptBuildPhase;
			alwaysOutOfDate = 1;
			buildActionMask = 2147483647;
			files = (
			);
			inputFileListPaths = (
			);
			inputPaths = (
			);
			outputFileListPaths = (
			);
			outputPaths = (
			);
			runOnlyForDeploymentPostprocessing = 0;
			shellPath = /bin/sh;
			shellScript = "if [[ \"$(uname -m)\" == arm64 ]]; then\n    export PATH=\"/opt/homebrew/bin:$PATH\"\nfi\n\nif which swiftlint > /dev/null; then\n  swiftlint\nelse\n  echo \"warning: SwiftLint not installed, download from https://github.com/realm/SwiftLint\"\nfi\n";
			showEnvVarsInLog = 0;
		};
/* End PBXShellScriptBuildPhase section */

/* Begin PBXSourcesBuildPhase section */
		FD33AFA72C975EF40057CF4E /* Sources */ = {
			isa = PBXSourcesBuildPhase;
			buildActionMask = 2147483647;
			files = (
				FD33AFE52C97859B0057CF4E /* ViewController.swift in Sources */,
				FD94CA732CA59FBC00822925 /* Colors.swift in Sources */,
				FD018AC32CA8AC600018177C /* RoundButton.swift in Sources */,
				FD018ABF2CA8AB240018177C /* RoundedView.swift in Sources */,
				FD33AFAF2C975EF40057CF4E /* AppDelegate.swift in Sources */,
				FD33AFDF2C9763840057CF4E /* WordListViewController.swift in Sources */,
				FD4018F62CA892FE0078509A /* Images.swift in Sources */,
				FD33AFE32C9783D60057CF4E /* ProfileViewController.swift in Sources */,
				FD94CA692CA575E900822925 /* UIView+.swift in Sources */,
				FD018AC12CA8AB630018177C /* Label.swift in Sources */,
				FD33AFE72C97868F0057CF4E /* TabBarController.swift in Sources */,
				FD33AFE12C9783AF0057CF4E /* TestsViewController.swift in Sources */,
				FDE76CAD2C99CDAE0031047F /* LocalizedString.swift in Sources */,
				FD94CA652CA4B3B800822925 /* Fonts.swift in Sources */,
				FD94CA702CA581F900822925 /* WordListTableViewCell.swift in Sources */,
				FD33AFB12C975EF40057CF4E /* SceneDelegate.swift in Sources */,
			);
			runOnlyForDeploymentPostprocessing = 0;
		};
		FD33AFBD2C975EF50057CF4E /* Sources */ = {
			isa = PBXSourcesBuildPhase;
			buildActionMask = 2147483647;
			files = (
				FD33AFC62C975EF50057CF4E /* SimpleDictionaryTests.swift in Sources */,
			);
			runOnlyForDeploymentPostprocessing = 0;
		};
		FD33AFC72C975EF50057CF4E /* Sources */ = {
			isa = PBXSourcesBuildPhase;
			buildActionMask = 2147483647;
			files = (
				FD33AFD22C975EF50057CF4E /* SimpleDictionaryUITestsLaunchTests.swift in Sources */,
				FD33AFD02C975EF50057CF4E /* SimpleDictionaryUITests.swift in Sources */,
			);
			runOnlyForDeploymentPostprocessing = 0;
		};
/* End PBXSourcesBuildPhase section */

/* Begin PBXTargetDependency section */
		FD33AFC32C975EF50057CF4E /* PBXTargetDependency */ = {
			isa = PBXTargetDependency;
			target = FD33AFAA2C975EF40057CF4E /* SimpleDictionary */;
			targetProxy = FD33AFC22C975EF50057CF4E /* PBXContainerItemProxy */;
		};
		FD33AFCD2C975EF50057CF4E /* PBXTargetDependency */ = {
			isa = PBXTargetDependency;
			target = FD33AFAA2C975EF40057CF4E /* SimpleDictionary */;
			targetProxy = FD33AFCC2C975EF50057CF4E /* PBXContainerItemProxy */;
		};
/* End PBXTargetDependency section */

/* Begin XCBuildConfiguration section */
		FD33AFD32C975EF50057CF4E /* Debug */ = {
			isa = XCBuildConfiguration;
			buildSettings = {
				ALWAYS_SEARCH_USER_PATHS = NO;
				ASSETCATALOG_COMPILER_GENERATE_SWIFT_ASSET_SYMBOL_EXTENSIONS = YES;
				CLANG_ANALYZER_NONNULL = YES;
				CLANG_ANALYZER_NUMBER_OBJECT_CONVERSION = YES_AGGRESSIVE;
				CLANG_CXX_LANGUAGE_STANDARD = "gnu++20";
				CLANG_ENABLE_MODULES = YES;
				CLANG_ENABLE_OBJC_ARC = YES;
				CLANG_ENABLE_OBJC_WEAK = YES;
				CLANG_WARN_BLOCK_CAPTURE_AUTORELEASING = YES;
				CLANG_WARN_BOOL_CONVERSION = YES;
				CLANG_WARN_COMMA = YES;
				CLANG_WARN_CONSTANT_CONVERSION = YES;
				CLANG_WARN_DEPRECATED_OBJC_IMPLEMENTATIONS = YES;
				CLANG_WARN_DIRECT_OBJC_ISA_USAGE = YES_ERROR;
				CLANG_WARN_DOCUMENTATION_COMMENTS = YES;
				CLANG_WARN_EMPTY_BODY = YES;
				CLANG_WARN_ENUM_CONVERSION = YES;
				CLANG_WARN_INFINITE_RECURSION = YES;
				CLANG_WARN_INT_CONVERSION = YES;
				CLANG_WARN_NON_LITERAL_NULL_CONVERSION = YES;
				CLANG_WARN_OBJC_IMPLICIT_RETAIN_SELF = YES;
				CLANG_WARN_OBJC_LITERAL_CONVERSION = YES;
				CLANG_WARN_OBJC_ROOT_CLASS = YES_ERROR;
				CLANG_WARN_QUOTED_INCLUDE_IN_FRAMEWORK_HEADER = YES;
				CLANG_WARN_RANGE_LOOP_ANALYSIS = YES;
				CLANG_WARN_STRICT_PROTOTYPES = YES;
				CLANG_WARN_SUSPICIOUS_MOVE = YES;
				CLANG_WARN_UNGUARDED_AVAILABILITY = YES_AGGRESSIVE;
				CLANG_WARN_UNREACHABLE_CODE = YES;
				CLANG_WARN__DUPLICATE_METHOD_MATCH = YES;
				COPY_PHASE_STRIP = NO;
				DEBUG_INFORMATION_FORMAT = dwarf;
				ENABLE_STRICT_OBJC_MSGSEND = YES;
				ENABLE_TESTABILITY = YES;
				ENABLE_USER_SCRIPT_SANDBOXING = YES;
				GCC_C_LANGUAGE_STANDARD = gnu17;
				GCC_DYNAMIC_NO_PIC = NO;
				GCC_NO_COMMON_BLOCKS = YES;
				GCC_OPTIMIZATION_LEVEL = 0;
				GCC_PREPROCESSOR_DEFINITIONS = (
					"DEBUG=1",
					"$(inherited)",
				);
				GCC_WARN_64_TO_32_BIT_CONVERSION = YES;
				GCC_WARN_ABOUT_RETURN_TYPE = YES_ERROR;
				GCC_WARN_UNDECLARED_SELECTOR = YES;
				GCC_WARN_UNINITIALIZED_AUTOS = YES_AGGRESSIVE;
				GCC_WARN_UNUSED_FUNCTION = YES;
				GCC_WARN_UNUSED_VARIABLE = YES;
				IPHONEOS_DEPLOYMENT_TARGET = 17.2;
				LOCALIZATION_PREFERS_STRING_CATALOGS = YES;
				MTL_ENABLE_DEBUG_INFO = INCLUDE_SOURCE;
				MTL_FAST_MATH = YES;
				ONLY_ACTIVE_ARCH = YES;
				SDKROOT = iphoneos;
				SWIFT_ACTIVE_COMPILATION_CONDITIONS = "DEBUG $(inherited)";
				SWIFT_OPTIMIZATION_LEVEL = "-Onone";
			};
			name = Debug;
		};
		FD33AFD42C975EF50057CF4E /* Release */ = {
			isa = XCBuildConfiguration;
			buildSettings = {
				ALWAYS_SEARCH_USER_PATHS = NO;
				ASSETCATALOG_COMPILER_GENERATE_SWIFT_ASSET_SYMBOL_EXTENSIONS = YES;
				CLANG_ANALYZER_NONNULL = YES;
				CLANG_ANALYZER_NUMBER_OBJECT_CONVERSION = YES_AGGRESSIVE;
				CLANG_CXX_LANGUAGE_STANDARD = "gnu++20";
				CLANG_ENABLE_MODULES = YES;
				CLANG_ENABLE_OBJC_ARC = YES;
				CLANG_ENABLE_OBJC_WEAK = YES;
				CLANG_WARN_BLOCK_CAPTURE_AUTORELEASING = YES;
				CLANG_WARN_BOOL_CONVERSION = YES;
				CLANG_WARN_COMMA = YES;
				CLANG_WARN_CONSTANT_CONVERSION = YES;
				CLANG_WARN_DEPRECATED_OBJC_IMPLEMENTATIONS = YES;
				CLANG_WARN_DIRECT_OBJC_ISA_USAGE = YES_ERROR;
				CLANG_WARN_DOCUMENTATION_COMMENTS = YES;
				CLANG_WARN_EMPTY_BODY = YES;
				CLANG_WARN_ENUM_CONVERSION = YES;
				CLANG_WARN_INFINITE_RECURSION = YES;
				CLANG_WARN_INT_CONVERSION = YES;
				CLANG_WARN_NON_LITERAL_NULL_CONVERSION = YES;
				CLANG_WARN_OBJC_IMPLICIT_RETAIN_SELF = YES;
				CLANG_WARN_OBJC_LITERAL_CONVERSION = YES;
				CLANG_WARN_OBJC_ROOT_CLASS = YES_ERROR;
				CLANG_WARN_QUOTED_INCLUDE_IN_FRAMEWORK_HEADER = YES;
				CLANG_WARN_RANGE_LOOP_ANALYSIS = YES;
				CLANG_WARN_STRICT_PROTOTYPES = YES;
				CLANG_WARN_SUSPICIOUS_MOVE = YES;
				CLANG_WARN_UNGUARDED_AVAILABILITY = YES_AGGRESSIVE;
				CLANG_WARN_UNREACHABLE_CODE = YES;
				CLANG_WARN__DUPLICATE_METHOD_MATCH = YES;
				COPY_PHASE_STRIP = NO;
				DEBUG_INFORMATION_FORMAT = "dwarf-with-dsym";
				ENABLE_NS_ASSERTIONS = NO;
				ENABLE_STRICT_OBJC_MSGSEND = YES;
				ENABLE_USER_SCRIPT_SANDBOXING = YES;
				GCC_C_LANGUAGE_STANDARD = gnu17;
				GCC_NO_COMMON_BLOCKS = YES;
				GCC_WARN_64_TO_32_BIT_CONVERSION = YES;
				GCC_WARN_ABOUT_RETURN_TYPE = YES_ERROR;
				GCC_WARN_UNDECLARED_SELECTOR = YES;
				GCC_WARN_UNINITIALIZED_AUTOS = YES_AGGRESSIVE;
				GCC_WARN_UNUSED_FUNCTION = YES;
				GCC_WARN_UNUSED_VARIABLE = YES;
				IPHONEOS_DEPLOYMENT_TARGET = 17.2;
				LOCALIZATION_PREFERS_STRING_CATALOGS = YES;
				MTL_ENABLE_DEBUG_INFO = NO;
				MTL_FAST_MATH = YES;
				SDKROOT = iphoneos;
				SWIFT_COMPILATION_MODE = wholemodule;
				VALIDATE_PRODUCT = YES;
			};
			name = Release;
		};
		FD33AFD62C975EF50057CF4E /* Debug */ = {
			isa = XCBuildConfiguration;
			buildSettings = {
				ASSETCATALOG_COMPILER_APPICON_NAME = AppIcon;
				ASSETCATALOG_COMPILER_GENERATE_ASSET_SYMBOLS = NO;
				ASSETCATALOG_COMPILER_GENERATE_SWIFT_ASSET_SYMBOL_EXTENSIONS = NO;
				ASSETCATALOG_COMPILER_GLOBAL_ACCENT_COLOR_NAME = AccentColor;
				CODE_SIGN_STYLE = Automatic;
				CURRENT_PROJECT_VERSION = 1;
				DEVELOPMENT_TEAM = 2VY9AS466G;
				ENABLE_USER_SCRIPT_SANDBOXING = NO;
				GENERATE_INFOPLIST_FILE = YES;
				INFOPLIST_FILE = SimpleDictionary/Sources/Info.plist;
				INFOPLIST_KEY_UIApplicationSupportsIndirectInputEvents = YES;
				INFOPLIST_KEY_UILaunchStoryboardName = "";
				INFOPLIST_KEY_UIMainStoryboardFile = "";
				INFOPLIST_KEY_UISupportedInterfaceOrientations_iPad = "UIInterfaceOrientationPortrait UIInterfaceOrientationPortraitUpsideDown UIInterfaceOrientationLandscapeLeft UIInterfaceOrientationLandscapeRight";
				INFOPLIST_KEY_UISupportedInterfaceOrientations_iPhone = "UIInterfaceOrientationPortrait UIInterfaceOrientationLandscapeLeft UIInterfaceOrientationLandscapeRight";
				IPHONEOS_DEPLOYMENT_TARGET = 16.0;
				LD_RUNPATH_SEARCH_PATHS = (
					"$(inherited)",
					"@executable_path/Frameworks",
				);
				MARKETING_VERSION = 1.0;
				PRODUCT_BUNDLE_IDENTIFIER = frame.school.SimpleDictionary;
				PRODUCT_NAME = "$(TARGET_NAME)";
				SWIFT_EMIT_LOC_STRINGS = YES;
				SWIFT_VERSION = 5.0;
				TARGETED_DEVICE_FAMILY = "1,2";
			};
			name = Debug;
		};
		FD33AFD72C975EF50057CF4E /* Release */ = {
			isa = XCBuildConfiguration;
			buildSettings = {
				ASSETCATALOG_COMPILER_APPICON_NAME = AppIcon;
				ASSETCATALOG_COMPILER_GENERATE_ASSET_SYMBOLS = NO;
				ASSETCATALOG_COMPILER_GENERATE_SWIFT_ASSET_SYMBOL_EXTENSIONS = NO;
				ASSETCATALOG_COMPILER_GLOBAL_ACCENT_COLOR_NAME = AccentColor;
				CODE_SIGN_STYLE = Automatic;
				CURRENT_PROJECT_VERSION = 1;
				DEVELOPMENT_TEAM = 2VY9AS466G;
				ENABLE_USER_SCRIPT_SANDBOXING = NO;
				GENERATE_INFOPLIST_FILE = YES;
				INFOPLIST_FILE = SimpleDictionary/Sources/Info.plist;
				INFOPLIST_KEY_UIApplicationSupportsIndirectInputEvents = YES;
				INFOPLIST_KEY_UILaunchStoryboardName = "";
				INFOPLIST_KEY_UIMainStoryboardFile = "";
				INFOPLIST_KEY_UISupportedInterfaceOrientations_iPad = "UIInterfaceOrientationPortrait UIInterfaceOrientationPortraitUpsideDown UIInterfaceOrientationLandscapeLeft UIInterfaceOrientationLandscapeRight";
				INFOPLIST_KEY_UISupportedInterfaceOrientations_iPhone = "UIInterfaceOrientationPortrait UIInterfaceOrientationLandscapeLeft UIInterfaceOrientationLandscapeRight";
				IPHONEOS_DEPLOYMENT_TARGET = 16.0;
				LD_RUNPATH_SEARCH_PATHS = (
					"$(inherited)",
					"@executable_path/Frameworks",
				);
				MARKETING_VERSION = 1.0;
				PRODUCT_BUNDLE_IDENTIFIER = frame.school.SimpleDictionary;
				PRODUCT_NAME = "$(TARGET_NAME)";
				SWIFT_EMIT_LOC_STRINGS = YES;
				SWIFT_VERSION = 5.0;
				TARGETED_DEVICE_FAMILY = "1,2";
			};
			name = Release;
		};
		FD33AFD92C975EF50057CF4E /* Debug */ = {
			isa = XCBuildConfiguration;
			buildSettings = {
				ALWAYS_EMBED_SWIFT_STANDARD_LIBRARIES = YES;
				BUNDLE_LOADER = "$(TEST_HOST)";
				CODE_SIGN_STYLE = Automatic;
				CURRENT_PROJECT_VERSION = 1;
				DEVELOPMENT_TEAM = 2VY9AS466G;
				GENERATE_INFOPLIST_FILE = YES;
				IPHONEOS_DEPLOYMENT_TARGET = 17.2;
				MARKETING_VERSION = 1.0;
				PRODUCT_BUNDLE_IDENTIFIER = frame.school.SimpleDictionaryTests;
				PRODUCT_NAME = "$(TARGET_NAME)";
				SWIFT_EMIT_LOC_STRINGS = NO;
				SWIFT_VERSION = 5.0;
				TARGETED_DEVICE_FAMILY = "1,2";
				TEST_HOST = "$(BUILT_PRODUCTS_DIR)/SimpleDictionary.app/$(BUNDLE_EXECUTABLE_FOLDER_PATH)/SimpleDictionary";
			};
			name = Debug;
		};
		FD33AFDA2C975EF50057CF4E /* Release */ = {
			isa = XCBuildConfiguration;
			buildSettings = {
				ALWAYS_EMBED_SWIFT_STANDARD_LIBRARIES = YES;
				BUNDLE_LOADER = "$(TEST_HOST)";
				CODE_SIGN_STYLE = Automatic;
				CURRENT_PROJECT_VERSION = 1;
				DEVELOPMENT_TEAM = 2VY9AS466G;
				GENERATE_INFOPLIST_FILE = YES;
				IPHONEOS_DEPLOYMENT_TARGET = 17.2;
				MARKETING_VERSION = 1.0;
				PRODUCT_BUNDLE_IDENTIFIER = frame.school.SimpleDictionaryTests;
				PRODUCT_NAME = "$(TARGET_NAME)";
				SWIFT_EMIT_LOC_STRINGS = NO;
				SWIFT_VERSION = 5.0;
				TARGETED_DEVICE_FAMILY = "1,2";
				TEST_HOST = "$(BUILT_PRODUCTS_DIR)/SimpleDictionary.app/$(BUNDLE_EXECUTABLE_FOLDER_PATH)/SimpleDictionary";
			};
			name = Release;
		};
		FD33AFDC2C975EF50057CF4E /* Debug */ = {
			isa = XCBuildConfiguration;
			buildSettings = {
				ALWAYS_EMBED_SWIFT_STANDARD_LIBRARIES = YES;
				CODE_SIGN_STYLE = Automatic;
				CURRENT_PROJECT_VERSION = 1;
				DEVELOPMENT_TEAM = 2VY9AS466G;
				GENERATE_INFOPLIST_FILE = YES;
				MARKETING_VERSION = 1.0;
				PRODUCT_BUNDLE_IDENTIFIER = frame.school.SimpleDictionaryUITests;
				PRODUCT_NAME = "$(TARGET_NAME)";
				SWIFT_EMIT_LOC_STRINGS = NO;
				SWIFT_VERSION = 5.0;
				TARGETED_DEVICE_FAMILY = "1,2";
				TEST_TARGET_NAME = SimpleDictionary;
			};
			name = Debug;
		};
		FD33AFDD2C975EF50057CF4E /* Release */ = {
			isa = XCBuildConfiguration;
			buildSettings = {
				ALWAYS_EMBED_SWIFT_STANDARD_LIBRARIES = YES;
				CODE_SIGN_STYLE = Automatic;
				CURRENT_PROJECT_VERSION = 1;
				DEVELOPMENT_TEAM = 2VY9AS466G;
				GENERATE_INFOPLIST_FILE = YES;
				MARKETING_VERSION = 1.0;
				PRODUCT_BUNDLE_IDENTIFIER = frame.school.SimpleDictionaryUITests;
				PRODUCT_NAME = "$(TARGET_NAME)";
				SWIFT_EMIT_LOC_STRINGS = NO;
				SWIFT_VERSION = 5.0;
				TARGETED_DEVICE_FAMILY = "1,2";
				TEST_TARGET_NAME = SimpleDictionary;
			};
			name = Release;
		};
/* End XCBuildConfiguration section */

/* Begin XCConfigurationList section */
		FD33AFA62C975EF40057CF4E /* Build configuration list for PBXProject "SimpleDictionary" */ = {
			isa = XCConfigurationList;
			buildConfigurations = (
				FD33AFD32C975EF50057CF4E /* Debug */,
				FD33AFD42C975EF50057CF4E /* Release */,
			);
			defaultConfigurationIsVisible = 0;
			defaultConfigurationName = Release;
		};
		FD33AFD52C975EF50057CF4E /* Build configuration list for PBXNativeTarget "SimpleDictionary" */ = {
			isa = XCConfigurationList;
			buildConfigurations = (
				FD33AFD62C975EF50057CF4E /* Debug */,
				FD33AFD72C975EF50057CF4E /* Release */,
			);
			defaultConfigurationIsVisible = 0;
			defaultConfigurationName = Release;
		};
		FD33AFD82C975EF50057CF4E /* Build configuration list for PBXNativeTarget "SimpleDictionaryTests" */ = {
			isa = XCConfigurationList;
			buildConfigurations = (
				FD33AFD92C975EF50057CF4E /* Debug */,
				FD33AFDA2C975EF50057CF4E /* Release */,
			);
			defaultConfigurationIsVisible = 0;
			defaultConfigurationName = Release;
		};
		FD33AFDB2C975EF50057CF4E /* Build configuration list for PBXNativeTarget "SimpleDictionaryUITests" */ = {
			isa = XCConfigurationList;
			buildConfigurations = (
				FD33AFDC2C975EF50057CF4E /* Debug */,
				FD33AFDD2C975EF50057CF4E /* Release */,
			);
			defaultConfigurationIsVisible = 0;
			defaultConfigurationName = Release;
		};
/* End XCConfigurationList section */
	};
	rootObject = FD33AFA32C975EF40057CF4E /* Project object */;
}
